Microsoft Visual Studio Solution File, Format Version 12.00
# Visual Studio Version 17
VisualStudioVersion = 17.5.2.0
MinimumVisualStudioVersion = 10.0.40219.1
Project("{FAE04EC0-301F-11D3-BF4B-00C04F79EFBC}") = "KicioroTimer", "KicioroTimer.csproj", "{A005CFA8-9ACA-BE31-172F-5BF88A0FCED9}"
EndProject
Global
	GlobalSection(SolutionConfigurationPlatforms) = preSolution
		Debug|Any CPU = Debug|Any CPU
		Release|Any CPU = Release|Any CPU
	EndGlobalSection
	GlobalSection(ProjectConfigurationPlatforms) = postSolution
		{A005CFA8-9ACA-BE31-172F-5BF88A0FCED9}.Debug|Any CPU.ActiveCfg = Debug|Any CPU
		{A005CFA8-9ACA-BE31-172F-5BF88A0FCED9}.Debug|Any CPU.Build.0 = Debug|Any CPU
		{A005CFA8-9ACA-BE31-172F-5BF88A0FCED9}.Release|Any CPU.ActiveCfg = Release|Any CPU
		{A005CFA8-9ACA-BE31-172F-5BF88A0FCED9}.Release|Any CPU.Build.0 = Release|Any CPU
	EndGlobalSection
	GlobalSection(SolutionProperties) = preSolution
		HideSolutionNode = FALSE
	EndGlobalSection
	GlobalSection(ExtensibilityGlobals) = postSolution
		SolutionGuid = {E2A44BBA-940D-4A3B-A9E5-14C503BAF823}
	EndGlobalSection
EndGlobal
